
Microsoft Visual Studio Solution File, Format Version 12.00
# Visual Studio 15
VisualStudioVersion = 15.0.27428.2015
MinimumVisualStudioVersion = 10.0.40219.1
Project("{FAE04EC0-301F-11D3-BF4B-00C04F79EFBC}") = "MRRC", "MRRC\MRRC.csproj", "{0AE9E6D6-86C7-4EC6-B61A-B6F0EF48BEF7}"
EndProject
Project("{FAE04EC0-301F-11D3-BF4B-00C04F79EFBC}") = "MRRCManagement", "MRRCManagement\MRRCManagement.csproj", "{91EF37D3-0F49-473D-92A7-F49B2EF54DED}"
EndProject
Project("{FAE04EC0-301F-11D3-BF4B-00C04F79EFBC}") = "MRRC ConsoleApp", "MRRC ConsoleApp\MRRC ConsoleApp.csproj", "{1EEAC82C-81DD-41C5-AFE1-59606A6C59F4}"
EndProject
Global
	GlobalSection(SolutionConfigurationPlatforms) = preSolution
		Debug|Any CPU = Debug|Any CPU
		Release|Any CPU = Release|Any CPU
	EndGlobalSection
	GlobalSection(ProjectConfigurationPlatforms) = postSolution
		{0AE9E6D6-86C7-4EC6-B61A-B6F0EF48BEF7}.Debug|Any CPU.ActiveCfg = Debug|Any CPU
		{0AE9E6D6-86C7-4EC6-B61A-B6F0EF48BEF7}.Debug|Any CPU.Build.0 = Debug|Any CPU
		{0AE9E6D6-86C7-4EC6-B61A-B6F0EF48BEF7}.Release|Any CPU.ActiveCfg = Release|Any CPU
		{0AE9E6D6-86C7-4EC6-B61A-B6F0EF48BEF7}.Release|Any CPU.Build.0 = Release|Any CPU
		{91EF37D3-0F49-473D-92A7-F49B2EF54DED}.Debug|Any CPU.ActiveCfg = Debug|Any CPU
		{91EF37D3-0F49-473D-92A7-F49B2EF54DED}.Debug|Any CPU.Build.0 = Debug|Any CPU
		{91EF37D3-0F49-473D-92A7-F49B2EF54DED}.Release|Any CPU.ActiveCfg = Release|Any CPU
		{91EF37D3-0F49-473D-92A7-F49B2EF54DED}.Release|Any CPU.Build.0 = Release|Any CPU
		{1EEAC82C-81DD-41C5-AFE1-59606A6C59F4}.Debug|Any CPU.ActiveCfg = Debug|Any CPU
		{1EEAC82C-81DD-41C5-AFE1-59606A6C59F4}.Debug|Any CPU.Build.0 = Debug|Any CPU
		{1EEAC82C-81DD-41C5-AFE1-59606A6C59F4}.Release|Any CPU.ActiveCfg = Release|Any CPU
		{1EEAC82C-81DD-41C5-AFE1-59606A6C59F4}.Release|Any CPU.Build.0 = Release|Any CPU
	EndGlobalSection
	GlobalSection(SolutionProperties) = preSolution
		HideSolutionNode = FALSE
	EndGlobalSection
	GlobalSection(ExtensibilityGlobals) = postSolution
		SolutionGuid = {7FB55D2B-B0C5-43B3-BDBD-46DB60ABA43A}
	EndGlobalSection
EndGlobal
